
Microsoft Visual Studio Solution File, Format Version 12.00
# Visual Studio Version 17
VisualStudioVersion = 17.13.35818.85 d17.13
MinimumVisualStudioVersion = 10.0.40219.1
Project("{FAE04EC0-301F-11D3-BF4B-00C04F79EFBC}") = "Exercicio-003", "Exercicio-003\Exercicio-003.csproj", "{DF881F5C-03ED-4230-B958-88D858B51B83}"
EndProject
Global
	GlobalSection(SolutionConfigurationPlatforms) = preSolution
		Debug|Any CPU = Debug|Any CPU
		Release|Any CPU = Release|Any CPU
	EndGlobalSection
	GlobalSection(ProjectConfigurationPlatforms) = postSolution
		{DF881F5C-03ED-4230-B958-88D858B51B83}.Debug|Any CPU.ActiveCfg = Debug|Any CPU
		{DF881F5C-03ED-4230-B958-88D858B51B83}.Debug|Any CPU.Build.0 = Debug|Any CPU
		{DF881F5C-03ED-4230-B958-88D858B51B83}.Release|Any CPU.ActiveCfg = Release|Any CPU
		{DF881F5C-03ED-4230-B958-88D858B51B83}.Release|Any CPU.Build.0 = Release|Any CPU
	EndGlobalSection
	GlobalSection(SolutionProperties) = preSolution
		HideSolutionNode = FALSE
	EndGlobalSection
	GlobalSection(ExtensibilityGlobals) = postSolution
		SolutionGuid = {569BD6CB-1799-4DDC-80D3-D1E23FFFEB1B}
	EndGlobalSection
EndGlobal
