
Microsoft Visual Studio Solution File, Format Version 12.00
# Visual Studio Version 17
VisualStudioVersion = 17.13.35818.85 d17.13
MinimumVisualStudioVersion = 10.0.40219.1
Project("{FAE04EC0-301F-11D3-BF4B-00C04F79EFBC}") = "Exercicio-10", "Exercicio-10\Exercicio-10.csproj", "{1D7D91C1-564D-4908-A264-61FC469442A9}"
EndProject
Global
	GlobalSection(SolutionConfigurationPlatforms) = preSolution
		Debug|Any CPU = Debug|Any CPU
		Release|Any CPU = Release|Any CPU
	EndGlobalSection
	GlobalSection(ProjectConfigurationPlatforms) = postSolution
		{1D7D91C1-564D-4908-A264-61FC469442A9}.Debug|Any CPU.ActiveCfg = Debug|Any CPU
		{1D7D91C1-564D-4908-A264-61FC469442A9}.Debug|Any CPU.Build.0 = Debug|Any CPU
		{1D7D91C1-564D-4908-A264-61FC469442A9}.Release|Any CPU.ActiveCfg = Release|Any CPU
		{1D7D91C1-564D-4908-A264-61FC469442A9}.Release|Any CPU.Build.0 = Release|Any CPU
	EndGlobalSection
	GlobalSection(SolutionProperties) = preSolution
		HideSolutionNode = FALSE
	EndGlobalSection
	GlobalSection(ExtensibilityGlobals) = postSolution
		SolutionGuid = {8D080B18-376A-480D-9F5E-0E3C01EF6424}
	EndGlobalSection
EndGlobal
