
Microsoft Visual Studio Solution File, Format Version 12.00
# Visual Studio Version 17
VisualStudioVersion = 17.13.35818.85 d17.13
MinimumVisualStudioVersion = 10.0.40219.1
Project("{FAE04EC0-301F-11D3-BF4B-00C04F79EFBC}") = "Exercicio-5", "Exercicio-5\Exercicio-5.csproj", "{A675B292-B005-48E6-B181-A42F03C4B11A}"
EndProject
Global
	GlobalSection(SolutionConfigurationPlatforms) = preSolution
		Debug|Any CPU = Debug|Any CPU
		Release|Any CPU = Release|Any CPU
	EndGlobalSection
	GlobalSection(ProjectConfigurationPlatforms) = postSolution
		{A675B292-B005-48E6-B181-A42F03C4B11A}.Debug|Any CPU.ActiveCfg = Debug|Any CPU
		{A675B292-B005-48E6-B181-A42F03C4B11A}.Debug|Any CPU.Build.0 = Debug|Any CPU
		{A675B292-B005-48E6-B181-A42F03C4B11A}.Release|Any CPU.ActiveCfg = Release|Any CPU
		{A675B292-B005-48E6-B181-A42F03C4B11A}.Release|Any CPU.Build.0 = Release|Any CPU
	EndGlobalSection
	GlobalSection(SolutionProperties) = preSolution
		HideSolutionNode = FALSE
	EndGlobalSection
	GlobalSection(ExtensibilityGlobals) = postSolution
		SolutionGuid = {3504A30F-DE7F-4417-8824-6DDAE8B6DD24}
	EndGlobalSection
EndGlobal
