
Microsoft Visual Studio Solution File, Format Version 12.00
# Visual Studio Version 17
VisualStudioVersion = 17.13.35818.85 d17.13
MinimumVisualStudioVersion = 10.0.40219.1
Project("{FAE04EC0-301F-11D3-BF4B-00C04F79EFBC}") = "Exercicio-12", "Exercicio-12\Exercicio-12.csproj", "{7C988787-FDE6-46CF-B3CA-F497384A4148}"
EndProject
Global
	GlobalSection(SolutionConfigurationPlatforms) = preSolution
		Debug|Any CPU = Debug|Any CPU
		Release|Any CPU = Release|Any CPU
	EndGlobalSection
	GlobalSection(ProjectConfigurationPlatforms) = postSolution
		{7C988787-FDE6-46CF-B3CA-F497384A4148}.Debug|Any CPU.ActiveCfg = Debug|Any CPU
		{7C988787-FDE6-46CF-B3CA-F497384A4148}.Debug|Any CPU.Build.0 = Debug|Any CPU
		{7C988787-FDE6-46CF-B3CA-F497384A4148}.Release|Any CPU.ActiveCfg = Release|Any CPU
		{7C988787-FDE6-46CF-B3CA-F497384A4148}.Release|Any CPU.Build.0 = Release|Any CPU
	EndGlobalSection
	GlobalSection(SolutionProperties) = preSolution
		HideSolutionNode = FALSE
	EndGlobalSection
	GlobalSection(ExtensibilityGlobals) = postSolution
		SolutionGuid = {89847960-D05B-45A0-9E65-7813AD0A9689}
	EndGlobalSection
EndGlobal
