
Microsoft Visual Studio Solution File, Format Version 12.00
# Visual Studio Version 17
VisualStudioVersion = 17.13.35818.85 d17.13
MinimumVisualStudioVersion = 10.0.40219.1
Project("{FAE04EC0-301F-11D3-BF4B-00C04F79EFBC}") = "Exercicio-1", "Exercicio-1\Exercicio-1.csproj", "{FF776C72-72D8-4D41-B040-9DB00754C1F3}"
EndProject
Global
	GlobalSection(SolutionConfigurationPlatforms) = preSolution
		Debug|Any CPU = Debug|Any CPU
		Release|Any CPU = Release|Any CPU
	EndGlobalSection
	GlobalSection(ProjectConfigurationPlatforms) = postSolution
		{FF776C72-72D8-4D41-B040-9DB00754C1F3}.Debug|Any CPU.ActiveCfg = Debug|Any CPU
		{FF776C72-72D8-4D41-B040-9DB00754C1F3}.Debug|Any CPU.Build.0 = Debug|Any CPU
		{FF776C72-72D8-4D41-B040-9DB00754C1F3}.Release|Any CPU.ActiveCfg = Release|Any CPU
		{FF776C72-72D8-4D41-B040-9DB00754C1F3}.Release|Any CPU.Build.0 = Release|Any CPU
	EndGlobalSection
	GlobalSection(SolutionProperties) = preSolution
		HideSolutionNode = FALSE
	EndGlobalSection
	GlobalSection(ExtensibilityGlobals) = postSolution
		SolutionGuid = {43EBF767-9866-498F-90A2-369713A51DE6}
	EndGlobalSection
EndGlobal
