
Microsoft Visual Studio Solution File, Format Version 12.00
# Visual Studio Version 17
VisualStudioVersion = 17.13.35818.85 d17.13
MinimumVisualStudioVersion = 10.0.40219.1
Project("{FAE04EC0-301F-11D3-BF4B-00C04F79EFBC}") = "Exercicio-2", "Exercicio-2\Exercicio-2.csproj", "{C64614CF-9C4D-4B0D-829E-C4FA90617B09}"
EndProject
Global
	GlobalSection(SolutionConfigurationPlatforms) = preSolution
		Debug|Any CPU = Debug|Any CPU
		Release|Any CPU = Release|Any CPU
	EndGlobalSection
	GlobalSection(ProjectConfigurationPlatforms) = postSolution
		{C64614CF-9C4D-4B0D-829E-C4FA90617B09}.Debug|Any CPU.ActiveCfg = Debug|Any CPU
		{C64614CF-9C4D-4B0D-829E-C4FA90617B09}.Debug|Any CPU.Build.0 = Debug|Any CPU
		{C64614CF-9C4D-4B0D-829E-C4FA90617B09}.Release|Any CPU.ActiveCfg = Release|Any CPU
		{C64614CF-9C4D-4B0D-829E-C4FA90617B09}.Release|Any CPU.Build.0 = Release|Any CPU
	EndGlobalSection
	GlobalSection(SolutionProperties) = preSolution
		HideSolutionNode = FALSE
	EndGlobalSection
	GlobalSection(ExtensibilityGlobals) = postSolution
		SolutionGuid = {878DF9F7-FCB9-4F79-8724-5CB8F23585DA}
	EndGlobalSection
EndGlobal
