
Microsoft Visual Studio Solution File, Format Version 12.00
# Visual Studio Version 17
VisualStudioVersion = 17.13.35818.85 d17.13
MinimumVisualStudioVersion = 10.0.40219.1
Project("{FAE04EC0-301F-11D3-BF4B-00C04F79EFBC}") = "Exercicio-3", "Exercicio-3\Exercicio-3.csproj", "{E14A75EF-21C3-43F2-BAF9-AF1192CD09BB}"
EndProject
Global
	GlobalSection(SolutionConfigurationPlatforms) = preSolution
		Debug|Any CPU = Debug|Any CPU
		Release|Any CPU = Release|Any CPU
	EndGlobalSection
	GlobalSection(ProjectConfigurationPlatforms) = postSolution
		{E14A75EF-21C3-43F2-BAF9-AF1192CD09BB}.Debug|Any CPU.ActiveCfg = Debug|Any CPU
		{E14A75EF-21C3-43F2-BAF9-AF1192CD09BB}.Debug|Any CPU.Build.0 = Debug|Any CPU
		{E14A75EF-21C3-43F2-BAF9-AF1192CD09BB}.Release|Any CPU.ActiveCfg = Release|Any CPU
		{E14A75EF-21C3-43F2-BAF9-AF1192CD09BB}.Release|Any CPU.Build.0 = Release|Any CPU
	EndGlobalSection
	GlobalSection(SolutionProperties) = preSolution
		HideSolutionNode = FALSE
	EndGlobalSection
	GlobalSection(ExtensibilityGlobals) = postSolution
		SolutionGuid = {314BF2E9-2B7D-46B2-9FAC-E273F5EF0D2C}
	EndGlobalSection
EndGlobal
