
Microsoft Visual Studio Solution File, Format Version 12.00
# Visual Studio Version 17
VisualStudioVersion = 17.13.35818.85 d17.13
MinimumVisualStudioVersion = 10.0.40219.1
Project("{FAE04EC0-301F-11D3-BF4B-00C04F79EFBC}") = "Exercicio-004", "Exercicio-004\Exercicio-004.csproj", "{4ABA5059-2457-4420-A03D-2B3AA5D57B5C}"
EndProject
Global
	GlobalSection(SolutionConfigurationPlatforms) = preSolution
		Debug|Any CPU = Debug|Any CPU
		Release|Any CPU = Release|Any CPU
	EndGlobalSection
	GlobalSection(ProjectConfigurationPlatforms) = postSolution
		{4ABA5059-2457-4420-A03D-2B3AA5D57B5C}.Debug|Any CPU.ActiveCfg = Debug|Any CPU
		{4ABA5059-2457-4420-A03D-2B3AA5D57B5C}.Debug|Any CPU.Build.0 = Debug|Any CPU
		{4ABA5059-2457-4420-A03D-2B3AA5D57B5C}.Release|Any CPU.ActiveCfg = Release|Any CPU
		{4ABA5059-2457-4420-A03D-2B3AA5D57B5C}.Release|Any CPU.Build.0 = Release|Any CPU
	EndGlobalSection
	GlobalSection(SolutionProperties) = preSolution
		HideSolutionNode = FALSE
	EndGlobalSection
	GlobalSection(ExtensibilityGlobals) = postSolution
		SolutionGuid = {AF47BD70-29FA-487E-A69D-311128412CD4}
	EndGlobalSection
EndGlobal
